
Microsoft Visual Studio Solution File, Format Version 12.00
# Visual Studio Version 17
VisualStudioVersion = 17.14.36705.20 d17.14
MinimumVisualStudioVersion = 10.0.40219.1
Project("{FAE04EC0-301F-11D3-BF4B-00C04F79EFBC}") = "LockboxQr", "LockboxQr\LockboxQr.csproj", "{0C295942-AA66-4070-B12D-0F11D6E00C62}"
EndProject
Global
	GlobalSection(SolutionConfigurationPlatforms) = preSolution
		Debug|Any CPU = Debug|Any CPU
		Release|Any CPU = Release|Any CPU
	EndGlobalSection
	GlobalSection(ProjectConfigurationPlatforms) = postSolution
		{0C295942-AA66-4070-B12D-0F11D6E00C62}.Debug|Any CPU.ActiveCfg = Debug|Any CPU
		{0C295942-AA66-4070-B12D-0F11D6E00C62}.Debug|Any CPU.Build.0 = Debug|Any CPU
		{0C295942-AA66-4070-B12D-0F11D6E00C62}.Release|Any CPU.ActiveCfg = Release|Any CPU
		{0C295942-AA66-4070-B12D-0F11D6E00C62}.Release|Any CPU.Build.0 = Release|Any CPU
	EndGlobalSection
	GlobalSection(SolutionProperties) = preSolution
		HideSolutionNode = FALSE
	EndGlobalSection
	GlobalSection(ExtensibilityGlobals) = postSolution
		SolutionGuid = {D0CDAF71-8499-457C-8EE1-6EE2975A7528}
	EndGlobalSection
EndGlobal
